github.com/fogleman/gg v1.3.0 h1:/7zJX8F6AaYQc57WQCyN9cAIz+4bCJGO9B+dyW29am8=
github.com/fogleman/gg v1.3.0/go.mod h1:R/bRT+9gY/C5z7JzPU0zXsXHKM4/ayA+zqcVNZzPa1k=
github.com/golang/freetype v0.0.0-20170609003504-e2365dfdc4a0 h1:DACJavvAHhabrF08vX0COfcOBJRhZ8lUbR+ZWIs0Y5g=
github.com/golang/freetype v0.0.0-20170609003504-e2365dfdc4a0/go.mod h1:E/TSTwGwJL78qG/PmXZO1EjYhfJinVAhrmmHX6Z8B9k=
github.com/joshuaferrara/go-satellite v0.0.0-20220611180459-512638c64e5b h1:JlltDRgni6FuoFwluvoZCrE6cmpojccO4WsqeYlFJLE=
github.com/joshuaferrara/go-satellite v0.0.0-20220611180459-512638c64e5b/go.mod h1:msW2QeN9IsnRyvuK8OBAzBwn6DHwXpiAiqBk8dbLfrU=
github.com/onsi/ginkgo v1.2.1-0.20160509182050-5437a97bf824 h1:MbMqwlWoESqhGm4Sslfdyeq7Ww8R9ppeKS5DcO3xDI0=
github.com/onsi/ginkgo v1.2.1-0.20160509182050-5437a97bf824/go.mod h1:lLunBs/Ym6LB5Z9jYTR76FiuTmxDTDusOGeTQH+WWjE=
github.com/onsi/gomega v0.0.0-20160516222431-c73e51675ad2 h1:38zSYUaJJkzreBjLz7tx4AUTVjnFI7EQBnlRoWt4QFA=
github.com/onsi/gomega v0.0.0-20160516222431-c73e51675ad2/go.mod h1:C1qb7wdrVGGVU+Z6iS04AVkA3Q65CEZX59MT0QO5uiA=
github.com/pkg/errors v0.9.1 h1:FEBLx1zS214owpjy7qsBeixbURkuhQAwrK5UwLGTwt4=
github.com/pkg/errors v0.9.1/go.mod h1:bwawxfHBFNV+L2hUp1rHADufV3IMtnDRdf1r5NINEl0=
golang.org/x/image v0.15.0 h1:kOELfmgrmJlw4Cdb7g/QGuB3CvDrXbqEIww/pNtNBm8=
golang.org/x/image v0.15.0/go.mod h1:HUYqC05R2ZcZ3ejNQsIHQDQiwWM4JBqmm6MKANTp4LE=
gopkg.in/yaml.v2 v2.0.0-20160301204022-a83829b6f129 h1:RBgb9aPUbZ9nu66ecQNIBNsA7j3mB5h8PNDIfhPjaJg=
gopkg.in/yaml.v2 v2.0.0-20160301204022-a83829b6f129/go.mod h1:JAlM8MvJe8wmxCU4Bli9HhUf9+ttbYbLASfIpnQbh74=
